
Microsoft Visual Studio Solution File, Format Version 12.00
# Visual Studio Version 17
VisualStudioVersion = 17.7.34018.315
MinimumVisualStudioVersion = 10.0.40219.1
Project("{FAE04EC0-301F-11D3-BF4B-00C04F79EFBC}") = "SimpleInheritance", "SimpleInheritance.csproj", "{51F23037-7387-41B7-8C83-50D2AE7E9399}"
EndProject
Global
	GlobalSection(SolutionConfigurationPlatforms) = preSolution
		Debug|Any CPU = Debug|Any CPU
		Release|Any CPU = Release|Any CPU
	EndGlobalSection
	GlobalSection(ProjectConfigurationPlatforms) = postSolution
		{51F23037-7387-41B7-8C83-50D2AE7E9399}.Debug|Any CPU.ActiveCfg = Debug|Any CPU
		{51F23037-7387-41B7-8C83-50D2AE7E9399}.Debug|Any CPU.Build.0 = Debug|Any CPU
		{51F23037-7387-41B7-8C83-50D2AE7E9399}.Release|Any CPU.ActiveCfg = Release|Any CPU
		{51F23037-7387-41B7-8C83-50D2AE7E9399}.Release|Any CPU.Build.0 = Release|Any CPU
	EndGlobalSection
	GlobalSection(SolutionProperties) = preSolution
		HideSolutionNode = FALSE
	EndGlobalSection
	GlobalSection(ExtensibilityGlobals) = postSolution
		SolutionGuid = {835DC382-F729-40A3-BEDD-2DBF1A89A9AA}
	EndGlobalSection
EndGlobal
